
Microsoft Visual Studio Solution File, Format Version 12.00
# Visual Studio Version 17
VisualStudioVersion = 17.0.31903.59
MinimumVisualStudioVersion = 10.0.40219.1
Project("{9A19103F-16F7-4668-BE54-9A1E7A4F7556}") = "BarberShop.Api", "BarberShop.Api\BarberShop.Api.csproj", "{B12E46FB-23CC-468C-B901-EA6F717581FB}"
EndProject
Project("{9A19103F-16F7-4668-BE54-9A1E7A4F7556}") = "BarberShop.Application", "BarberShop.Application\BarberShop.Application.csproj", "{8F592C3A-268C-4B82-9BE3-045B7F145CA3}"
EndProject
Project("{9A19103F-16F7-4668-BE54-9A1E7A4F7556}") = "BarberShop.Domain", "BarberShop.Domain\BarberShop.Domain.csproj", "{F8048371-892A-426A-AE60-9CC72A2F2C6C}"
EndProject
Project("{9A19103F-16F7-4668-BE54-9A1E7A4F7556}") = "BarberShop.Infrastructure", "BarberShop.Infrastructure\BarberShop.Infrastructure.csproj", "{17DC8334-C408-40F7-BF0A-3619C8F80598}"
EndProject
Project("{E53339B2-1760-4266-BCC7-CA923CBCF16C}") = "docker-compose", "docker-compose.dcproj", "{1F35BCB8-FAB1-4C7F-8DBB-765B960DB45B}"
EndProject
Global
	GlobalSection(SolutionConfigurationPlatforms) = preSolution
		Debug|Any CPU = Debug|Any CPU
		Release|Any CPU = Release|Any CPU
	EndGlobalSection
	GlobalSection(ProjectConfigurationPlatforms) = postSolution
		{B12E46FB-23CC-468C-B901-EA6F717581FB}.Debug|Any CPU.ActiveCfg = Debug|Any CPU
		{B12E46FB-23CC-468C-B901-EA6F717581FB}.Debug|Any CPU.Build.0 = Debug|Any CPU
		{B12E46FB-23CC-468C-B901-EA6F717581FB}.Release|Any CPU.ActiveCfg = Release|Any CPU
		{B12E46FB-23CC-468C-B901-EA6F717581FB}.Release|Any CPU.Build.0 = Release|Any CPU
		{8F592C3A-268C-4B82-9BE3-045B7F145CA3}.Debug|Any CPU.ActiveCfg = Debug|Any CPU
		{8F592C3A-268C-4B82-9BE3-045B7F145CA3}.Debug|Any CPU.Build.0 = Debug|Any CPU
		{8F592C3A-268C-4B82-9BE3-045B7F145CA3}.Release|Any CPU.ActiveCfg = Release|Any CPU
		{8F592C3A-268C-4B82-9BE3-045B7F145CA3}.Release|Any CPU.Build.0 = Release|Any CPU
		{F8048371-892A-426A-AE60-9CC72A2F2C6C}.Debug|Any CPU.ActiveCfg = Debug|Any CPU
		{F8048371-892A-426A-AE60-9CC72A2F2C6C}.Debug|Any CPU.Build.0 = Debug|Any CPU
		{F8048371-892A-426A-AE60-9CC72A2F2C6C}.Release|Any CPU.ActiveCfg = Release|Any CPU
		{F8048371-892A-426A-AE60-9CC72A2F2C6C}.Release|Any CPU.Build.0 = Release|Any CPU
		{17DC8334-C408-40F7-BF0A-3619C8F80598}.Debug|Any CPU.ActiveCfg = Debug|Any CPU
		{17DC8334-C408-40F7-BF0A-3619C8F80598}.Debug|Any CPU.Build.0 = Debug|Any CPU
		{17DC8334-C408-40F7-BF0A-3619C8F80598}.Release|Any CPU.ActiveCfg = Release|Any CPU
		{17DC8334-C408-40F7-BF0A-3619C8F80598}.Release|Any CPU.Build.0 = Release|Any CPU
		{1F35BCB8-FAB1-4C7F-8DBB-765B960DB45B}.Debug|Any CPU.ActiveCfg = Debug|Any CPU
		{1F35BCB8-FAB1-4C7F-8DBB-765B960DB45B}.Debug|Any CPU.Build.0 = Debug|Any CPU
		{1F35BCB8-FAB1-4C7F-8DBB-765B960DB45B}.Release|Any CPU.ActiveCfg = Release|Any CPU
		{1F35BCB8-FAB1-4C7F-8DBB-765B960DB45B}.Release|Any CPU.Build.0 = Release|Any CPU
	EndGlobalSection
	GlobalSection(SolutionProperties) = preSolution
		HideSolutionNode = FALSE
	EndGlobalSection
	GlobalSection(ExtensibilityGlobals) = postSolution
		SolutionGuid = {11F4A57A-78D6-47B7-8E9F-D25958B78DEC}
	EndGlobalSection
EndGlobal
